
Microsoft Visual Studio Solution File, Format Version 10.00
# Visual Studio 2008
Project("{FAE04EC0-301F-11D3-BF4B-00C04F79EFBC}") = "WebMailClient", "WebMailClient\WebMailClient.csproj", "{FDA6E334-68DF-464E-8128-22227B1D573A}"
EndProject
Global
	GlobalSection(SolutionConfigurationPlatforms) = preSolution
		Debug|Any CPU = Debug|Any CPU
		Release|Any CPU = Release|Any CPU
	EndGlobalSection
	GlobalSection(ProjectConfigurationPlatforms) = postSolution
		{FDA6E334-68DF-464E-8128-22227B1D573A}.Debug|Any CPU.ActiveCfg = Debug|Any CPU
		{FDA6E334-68DF-464E-8128-22227B1D573A}.Debug|Any CPU.Build.0 = Debug|Any CPU
		{FDA6E334-68DF-464E-8128-22227B1D573A}.Release|Any CPU.ActiveCfg = Release|Any CPU
		{FDA6E334-68DF-464E-8128-22227B1D573A}.Release|Any CPU.Build.0 = Release|Any CPU
	EndGlobalSection
	GlobalSection(SolutionProperties) = preSolution
		HideSolutionNode = FALSE
	EndGlobalSection
EndGlobal
